
Microsoft Visual Studio Solution File, Format Version 12.00
# Visual Studio Version 17
VisualStudioVersion = 17.6.33815.320
MinimumVisualStudioVersion = 10.0.40219.1
Project("{9A19103F-16F7-4668-BE54-9A1E7A4F7556}") = "BayesOptAddin", "BayesOptAddin.csproj", "{2BE8BBDA-3F51-464D-8C83-456AD2FC621D}"
EndProject
Global
	GlobalSection(SolutionConfigurationPlatforms) = preSolution
		Debug|Any CPU = Debug|Any CPU
		Release|Any CPU = Release|Any CPU
	EndGlobalSection
	GlobalSection(ProjectConfigurationPlatforms) = postSolution
		{2BE8BBDA-3F51-464D-8C83-456AD2FC621D}.Debug|Any CPU.ActiveCfg = Debug|Any CPU
		{2BE8BBDA-3F51-464D-8C83-456AD2FC621D}.Debug|Any CPU.Build.0 = Debug|Any CPU
		{2BE8BBDA-3F51-464D-8C83-456AD2FC621D}.Release|Any CPU.ActiveCfg = Release|Any CPU
		{2BE8BBDA-3F51-464D-8C83-456AD2FC621D}.Release|Any CPU.Build.0 = Release|Any CPU
	EndGlobalSection
	GlobalSection(SolutionProperties) = preSolution
		HideSolutionNode = FALSE
	EndGlobalSection
	GlobalSection(ExtensibilityGlobals) = postSolution
		SolutionGuid = {62A94173-0F3A-4B59-8F0A-49770F7315C8}
	EndGlobalSection
EndGlobal
